github.com/elbandi/go-proxmox-backup-client v0.0.0-20240901114840-dcb8a5fcb96c h1:n7KDb/gEgIAtcVpeWDO1Z8tlhfm+jFrk3s+j07jWhxA=
github.com/elbandi/go-proxmox-backup-client v0.0.0-20240901114840-dcb8a5fcb96c/go.mod h1:9RvtdpSK5262I9dEDe2J02qNukhswr9000Bcj7xE/5I=
golang.org/x/net v0.35.0/go.mod h1:EglIi67kWsHKlRzzVMUD93VMSWGFOMSZgxFjparz1Qk=
